github.com/apple/foundationdb v0.0.0-20190311041300-c3043971663b h1:o9w3GqKARvmk5qlKXe+8KgveLLs5O8YYobImQNunkIo=
github.com/apple/foundationdb/bindings/go v0.0.0-20190307195505-0b891db80c7b h1:vxTqMl0GQSyRhjQkWmKzagHuK4rTmGHdjQKsIs14abk=
github.com/apple/foundationdb/bindings/go v0.0.0-20190307195505-0b891db80c7b/go.mod h1:OMVSB21p9+xQUIqlGizHPZfjK+SHws1ht+ZytVDoz9U=
github.com/apple/foundationdb/bindings/go v0.0.0-20190311041300-c3043971663b h1:an1rjN2cxSn7cWbV6NO6Yws2aNvGLkIw8LLZsd2bOqY=
github.com/apple/foundationdb/bindings/go v0.0.0-20190311041300-c3043971663b/go.mod h1:OMVSB21p9+xQUIqlGizHPZfjK+SHws1ht+ZytVDoz9U=
